// !$*UTF8*$!
{
	archiveVersion = 1;
	classes = {
	};
	objectVersion = 46;
	objects = {

/* Begin PBXBuildFile section */
		BD625FE01992872F00E58D24 /* AppDelegate.swift in Sources */ = {isa = PBXBuildFile; fileRef = BD625FDF1992872F00E58D24 /* AppDelegate.swift */; };
		BD625FE31992872F00E58D24 /* People.xcdatamodeld in Sources */ = {isa = PBXBuildFile; fileRef = BD625FE11992872F00E58D24 /* People.xcdatamodeld */; };
		BD625FE51992872F00E58D24 /* ViewController.swift in Sources */ = {isa = PBXBuildFile; fileRef = BD625FE41992872F00E58D24 /* ViewController.swift */; };
		BD625FE81992872F00E58D24 /* Main.storyboard in Resources */ = {isa = PBXBuildFile; fileRef = BD625FE61992872F00E58D24 /* Main.storyboard */; };
		BD625FEA1992872F00E58D24 /* Images.xcassets in Resources */ = {isa = PBXBuildFile; fileRef = BD625FE91992872F00E58D24 /* Images.xcassets */; };
		BD625FF61992873000E58D24 /* PeopleTests.swift in Sources */ = {isa = PBXBuildFile; fileRef = BD625FF51992873000E58D24 /* PeopleTests.swift */; };
/* End PBXBuildFile section */

/* Begin PBXContainerItemProxy section */
		BD625FF01992873000E58D24 /* PBXContainerItemProxy */ = {
			isa = PBXContainerItemProxy;
			containerPortal = BD625FD21992872F00E58D24 /* Project object */;
			proxyType = 1;
			remoteGlobalIDString = BD625FD91992872F00E58D24;
			remoteInfo = People;
		};
/* End PBXContainerItemProxy section */

/* Begin PBXFileReference section */
		BD625FDA1992872F00E58D24 /* People.app */ = {isa = PBXFileReference; explicitFileType = wrapper.application; includeInIndex = 0; path = People.app; sourceTree = BUILT_PRODUCTS_DIR; };
		BD625FDE1992872F00E58D24 /* Info.plist */ = {isa = PBXFileReference; lastKnownFileType = text.plist.xml; path = Info.plist; sourceTree = "<group>"; };
		BD625FDF1992872F00E58D24 /* AppDelegate.swift */ = {isa = PBXFileReference; lastKnownFileType = sourcecode.swift; path = AppDelegate.swift; sourceTree = "<group>"; };
		BD625FE21992872F00E58D24 /* People.xcdatamodel */ = {isa = PBXFileReference; lastKnownFileType = wrapper.xcdatamodel; path = People.xcdatamodel; sourceTree = "<group>"; };
		BD625FE41992872F00E58D24 /* ViewController.swift */ = {isa = PBXFileReference; lastKnownFileType = sourcecode.swift; path = ViewController.swift; sourceTree = "<group>"; };
		BD625FE71992872F00E58D24 /* Base */ = {isa = PBXFileReference; lastKnownFileType = file.storyboard; name = Base; path = Base.lproj/Main.storyboard; sourceTree = "<group>"; };
		BD625FE91992872F00E58D24 /* Images.xcassets */ = {isa = PBXFileReference; lastKnownFileType = folder.assetcatalog; path = Images.xcassets; sourceTree = "<group>"; };
		BD625FEF1992873000E58D24 /* PeopleTests.xctest */ = {isa = PBXFileReference; explicitFileType = wrapper.cfbundle; includeInIndex = 0; path = PeopleTests.xctest; sourceTree = BUILT_PRODUCTS_DIR; };
		BD625FF41992873000E58D24 /* Info.plist */ = {isa = PBXFileReference; lastKnownFileType = text.plist.xml; path = Info.plist; sourceTree = "<group>"; };
		BD625FF51992873000E58D24 /* PeopleTests.swift */ = {isa = PBXFileReference; lastKnownFileType = sourcecode.swift; path = PeopleTests.swift; sourceTree = "<group>"; };
/* End PBXFileReference section */

/* Begin PBXFrameworksBuildPhase section */
		BD625FD71992872F00E58D24 /* Frameworks */ = {
			isa = PBXFrameworksBuildPhase;
			buildActionMask = 2147483647;
			files = (
			);
			runOnlyForDeploymentPostprocessing = 0;
		};
		BD625FEC1992873000E58D24 /* Frameworks */ = {
			isa = PBXFrameworksBuildPhase;
			buildActionMask = 2147483647;
			files = (
			);
			runOnlyForDeploymentPostprocessing = 0;
		};
/* End PBXFrameworksBuildPhase section */

/* Begin PBXGroup section */
		BD625FD11992872F00E58D24 = {
			isa = PBXGroup;
			children = (
				BD625FDC1992872F00E58D24 /* People */,
				BD625FF21992873000E58D24 /* PeopleTests */,
				BD625FDB1992872F00E58D24 /* Products */,
			);
			sourceTree = "<group>";
		};
		BD625FDB1992872F00E58D24 /* Products */ = {
			isa = PBXGroup;
			children = (
				BD625FDA1992872F00E58D24 /* People.app */,
				BD625FEF1992873000E58D24 /* PeopleTests.xctest */,
			);
			name = Products;
			sourceTree = "<group>";
		};
		BD625FDC1992872F00E58D24 /* People */ = {
			isa = PBXGroup;
			children = (
				BD625FDF1992872F00E58D24 /* AppDelegate.swift */,
				BD625FE41992872F00E58D24 /* ViewController.swift */,
				BD625FE61992872F00E58D24 /* Main.storyboard */,
				BD625FE91992872F00E58D24 /* Images.xcassets */,
				BD625FE11992872F00E58D24 /* People.xcdatamodeld */,
				BD625FDD1992872F00E58D24 /* Supporting Files */,
			);
			path = People;
			sourceTree = "<group>";
		};
		BD625FDD1992872F00E58D24 /* Supporting Files */ = {
			isa = PBXGroup;
			children = (
				BD625FDE1992872F00E58D24 /* Info.plist */,
			);
			name = "Supporting Files";
			sourceTree = "<group>";
		};
		BD625FF21992873000E58D24 /* PeopleTests */ = {
			isa = PBXGroup;
			children = (
				BD625FF51992873000E58D24 /* PeopleTests.swift */,
				BD625FF31992873000E58D24 /* Supporting Files */,
			);
			path = PeopleTests;
			sourceTree = "<group>";
		};
		BD625FF31992873000E58D24 /* Supporting Files */ = {
			isa = PBXGroup;
			children = (
				BD625FF41992873000E58D24 /* Info.plist */,
			);
			name = "Supporting Files";
			sourceTree = "<group>";
		};
/* End PBXGroup section */

/* Begin PBXNativeTarget section */
		BD625FD91992872F00E58D24 /* People */ = {
			isa = PBXNativeTarget;
			buildConfigurationList = BD625FF91992873000E58D24 /* Build configuration list for PBXNativeTarget "People" */;
			buildPhases = (
				BD625FD61992872F00E58D24 /* Sources */,
				BD625FD71992872F00E58D24 /* Frameworks */,
				BD625FD81992872F00E58D24 /* Resources */,
			);
			buildRules = (
			);
			dependencies = (
			);
			name = People;
			productName = People;
			productReference = BD625FDA1992872F00E58D24 /* People.app */;
			productType = "com.apple.product-type.application";
		};
		BD625FEE1992873000E58D24 /* PeopleTests */ = {
			isa = PBXNativeTarget;
			buildConfigurationList = BD625FFC1992873000E58D24 /* Build configuration list for PBXNativeTarget "PeopleTests" */;
			buildPhases = (
				BD625FEB1992873000E58D24 /* Sources */,
				BD625FEC1992873000E58D24 /* Frameworks */,
				BD625FED1992873000E58D24 /* Resources */,
			);
			buildRules = (
			);
			dependencies = (
				BD625FF11992873000E58D24 /* PBXTargetDependency */,
			);
			name = PeopleTests;
			productName = PeopleTests;
			productReference = BD625FEF1992873000E58D24 /* PeopleTests.xctest */;
			productType = "com.apple.product-type.bundle.unit-test";
		};
/* End PBXNativeTarget section */

/* Begin PBXProject section */
		BD625FD21992872F00E58D24 /* Project object */ = {
			isa = PBXProject;
			attributes = {
				LastUpgradeCheck = 0600;
				ORGANIZATIONNAME = Kalapun;
				TargetAttributes = {
					BD625FD91992872F00E58D24 = {
						CreatedOnToolsVersion = 6.0;
					};
					BD625FEE1992873000E58D24 = {
						CreatedOnToolsVersion = 6.0;
						TestTargetID = BD625FD91992872F00E58D24;
					};
				};
			};
			buildConfigurationList = BD625FD51992872F00E58D24 /* Build configuration list for PBXProject "People" */;
			compatibilityVersion = "Xcode 3.2";
			developmentRegion = English;
			hasScannedForEncodings = 0;
			knownRegions = (
				en,
				Base,
			);
			mainGroup = BD625FD11992872F00E58D24;
			productRefGroup = BD625FDB1992872F00E58D24 /* Products */;
			projectDirPath = "";
			projectRoot = "";
			targets = (
				BD625FD91992872F00E58D24 /* People */,
				BD625FEE1992873000E58D24 /* PeopleTests */,
			);
		};
/* End PBXProject section */

/* Begin PBXResourcesBuildPhase section */
		BD625FD81992872F00E58D24 /* Resources */ = {
			isa = PBXResourcesBuildPhase;
			buildActionMask = 2147483647;
			files = (
				BD625FE81992872F00E58D24 /* Main.storyboard in Resources */,
				BD625FEA1992872F00E58D24 /* Images.xcassets in Resources */,
			);
			runOnlyForDeploymentPostprocessing = 0;
		};
		BD625FED1992873000E58D24 /* Resources */ = {
			isa = PBXResourcesBuildPhase;
			buildActionMask = 2147483647;
			files = (
			);
			runOnlyForDeploymentPostprocessing = 0;
		};
/* End PBXResourcesBuildPhase section */

/* Begin PBXSourcesBuildPhase section */
		BD625FD61992872F00E58D24 /* Sources */ = {
			isa = PBXSourcesBuildPhase;
			buildActionMask = 2147483647;
			files = (
				BD625FE51992872F00E58D24 /* ViewController.swift in Sources */,
				BD625FE31992872F00E58D24 /* People.xcdatamodeld in Sources */,
				BD625FE01992872F00E58D24 /* AppDelegate.swift in Sources */,
			);
			runOnlyForDeploymentPostprocessing = 0;
		};
		BD625FEB1992873000E58D24 /* Sources */ = {
			isa = PBXSourcesBuildPhase;
			buildActionMask = 2147483647;
			files = (
				BD625FF61992873000E58D24 /* PeopleTests.swift in Sources */,
			);
			runOnlyForDeploymentPostprocessing = 0;
		};
/* End PBXSourcesBuildPhase section */

/* Begin PBXTargetDependency section */
		BD625FF11992873000E58D24 /* PBXTargetDependency */ = {
			isa = PBXTargetDependency;
			target = BD625FD91992872F00E58D24 /* People */;
			targetProxy = BD625FF01992873000E58D24 /* PBXContainerItemProxy */;
		};
/* End PBXTargetDependency section */

/* Begin PBXVariantGroup section */
		BD625FE61992872F00E58D24 /* Main.storyboard */ = {
			isa = PBXVariantGroup;
			children = (
				BD625FE71992872F00E58D24 /* Base */,
			);
			name = Main.storyboard;
			sourceTree = "<group>";
		};
/* End PBXVariantGroup section */

/* Begin XCBuildConfiguration section */
		BD625FF71992873000E58D24 /* Debug */ = {
			isa = XCBuildConfiguration;
			buildSettings = {
				ALWAYS_SEARCH_USER_PATHS = NO;
				CLANG_CXX_LANGUAGE_STANDARD = "gnu++0x";
				CLANG_CXX_LIBRARY = "libc++";
				CLANG_ENABLE_MODULES = YES;
				CLANG_ENABLE_OBJC_ARC = YES;
				CLANG_WARN_BOOL_CONVERSION = YES;
				CLANG_WARN_CONSTANT_CONVERSION = YES;
				CLANG_WARN_DIRECT_OBJC_ISA_USAGE = YES_ERROR;
				CLANG_WARN_EMPTY_BODY = YES;
				CLANG_WARN_ENUM_CONVERSION = YES;
				CLANG_WARN_INT_CONVERSION = YES;
				CLANG_WARN_OBJC_ROOT_CLASS = YES_ERROR;
				CLANG_WARN_UNREACHABLE_CODE = YES;
				CLANG_WARN__DUPLICATE_METHOD_MATCH = YES;
				"CODE_SIGN_IDENTITY[sdk=iphoneos*]" = "iPhone Developer";
				COPY_PHASE_STRIP = NO;
				ENABLE_STRICT_OBJC_MSGSEND = YES;
				GCC_C_LANGUAGE_STANDARD = gnu99;
				GCC_DYNAMIC_NO_PIC = NO;
				GCC_OPTIMIZATION_LEVEL = 0;
				GCC_PREPROCESSOR_DEFINITIONS = (
					"DEBUG=1",
					"$(inherited)",
				);
				GCC_SYMBOLS_PRIVATE_EXTERN = NO;
				GCC_WARN_64_TO_32_BIT_CONVERSION = YES;
				GCC_WARN_ABOUT_RETURN_TYPE = YES_ERROR;
				GCC_WARN_UNDECLARED_SELECTOR = YES;
				GCC_WARN_UNINITIALIZED_AUTOS = YES_AGGRESSIVE;
				GCC_WARN_UNUSED_FUNCTION = YES;
				GCC_WARN_UNUSED_VARIABLE = YES;
				IPHONEOS_DEPLOYMENT_TARGET = 8.0;
				MTL_ENABLE_DEBUG_INFO = YES;
				ONLY_ACTIVE_ARCH = YES;
				SDKROOT = iphoneos;
				SWIFT_OPTIMIZATION_LEVEL = "-Onone";
				TARGETED_DEVICE_FAMILY = "1,2";
			};
			name = Debug;
		};
		BD625FF81992873000E58D24 /* Release */ = {
			isa = XCBuildConfiguration;
			buildSettings = {
				ALWAYS_SEARCH_USER_PATHS = NO;
				CLANG_CXX_LANGUAGE_STANDARD = "gnu++0x";
				CLANG_CXX_LIBRARY = "libc++";
				CLANG_ENABLE_MODULES = YES;
				CLANG_ENABLE_OBJC_ARC = YES;
				CLANG_WARN_BOOL_CONVERSION = YES;
				CLANG_WARN_CONSTANT_CONVERSION = YES;
				CLANG_WARN_DIRECT_OBJC_ISA_USAGE = YES_ERROR;
				CLANG_WARN_EMPTY_BODY = YES;
				CLANG_WARN_ENUM_CONVERSION = YES;
				CLANG_WARN_INT_CONVERSION = YES;
				CLANG_WARN_OBJC_ROOT_CLASS = YES_ERROR;
				CLANG_WARN_UNREACHABLE_CODE = YES;
				CLANG_WARN__DUPLICATE_METHOD_MATCH = YES;
				"CODE_SIGN_IDENTITY[sdk=iphoneos*]" = "iPhone Developer";
				COPY_PHASE_STRIP = YES;
				ENABLE_NS_ASSERTIONS = NO;
				ENABLE_STRICT_OBJC_MSGSEND = YES;
				GCC_C_LANGUAGE_STANDARD = gnu99;
				GCC_WARN_64_TO_32_BIT_CONVERSION = YES;
				GCC_WARN_ABOUT_RETURN_TYPE = YES_ERROR;
				GCC_WARN_UNDECLARED_SELECTOR = YES;
				GCC_WARN_UNINITIALIZED_AUTOS = YES_AGGRESSIVE;
				GCC_WARN_UNUSED_FUNCTION = YES;
				GCC_WARN_UNUSED_VARIABLE = YES;
				IPHONEOS_DEPLOYMENT_TARGET = 8.0;
				MTL_ENABLE_DEBUG_INFO = NO;
				SDKROOT = iphoneos;
				TARGETED_DEVICE_FAMILY = "1,2";
				VALIDATE_PRODUCT = YES;
			};
			name = Release;
		};
		BD625FFA1992873000E58D24 /* Debug */ = {
			isa = XCBuildConfiguration;
			buildSettings = {
				ASSETCATALOG_COMPILER_APPICON_NAME = AppIcon;
				ASSETCATALOG_COMPILER_LAUNCHIMAGE_NAME = LaunchImage;
				INFOPLIST_FILE = People/Info.plist;
				LD_RUNPATH_SEARCH_PATHS = "$(inherited) @executable_path/Frameworks";
				PRODUCT_NAME = "$(TARGET_NAME)";
			};
			name = Debug;
		};
		BD625FFB1992873000E58D24 /* Release */ = {
			isa = XCBuildConfiguration;
			buildSettings = {
				ASSETCATALOG_COMPILER_APPICON_NAME = AppIcon;
				ASSETCATALOG_COMPILER_LAUNCHIMAGE_NAME = LaunchImage;
				INFOPLIST_FILE = People/Info.plist;
				LD_RUNPATH_SEARCH_PATHS = "$(inherited) @executable_path/Frameworks";
				PRODUCT_NAME = "$(TARGET_NAME)";
			};
			name = Release;
		};
		BD625FFD1992873000E58D24 /* Debug */ = {
			isa = XCBuildConfiguration;
			buildSettings = {
				BUNDLE_LOADER = "$(TEST_HOST)";
				FRAMEWORK_SEARCH_PATHS = (
					"$(SDKROOT)/Developer/Library/Frameworks",
					"$(inherited)",
				);
				GCC_PREPROCESSOR_DEFINITIONS = (
					"DEBUG=1",
					"$(inherited)",
				);
				INFOPLIST_FILE = PeopleTests/Info.plist;
				LD_RUNPATH_SEARCH_PATHS = "$(inherited) @executable_path/Frameworks @loader_path/Frameworks";
				PRODUCT_NAME = "$(TARGET_NAME)";
				TEST_HOST = "$(BUILT_PRODUCTS_DIR)/People.app/People";
			};
			name = Debug;
		};
		BD625FFE1992873000E58D24 /* Release */ = {
			isa = XCBuildConfiguration;
			buildSettings = {
				BUNDLE_LOADER = "$(TEST_HOST)";
				FRAMEWORK_SEARCH_PATHS = (
					"$(SDKROOT)/Developer/Library/Frameworks",
					"$(inherited)",
				);
				INFOPLIST_FILE = PeopleTests/Info.plist;
				LD_RUNPATH_SEARCH_PATHS = "$(inherited) @executable_path/Frameworks @loader_path/Frameworks";
				PRODUCT_NAME = "$(TARGET_NAME)";
				TEST_HOST = "$(BUILT_PRODUCTS_DIR)/People.app/People";
			};
			name = Release;
		};
/* End XCBuildConfiguration section */

/* Begin XCConfigurationList section */
		BD625FD51992872F00E58D24 /* Build configuration list for PBXProject "People" */ = {
			isa = XCConfigurationList;
			buildConfigurations = (
				BD625FF71992873000E58D24 /* Debug */,
				BD625FF81992873000E58D24 /* Release */,
			);
			defaultConfigurationIsVisible = 0;
			defaultConfigurationName = Release;
		};
		BD625FF91992873000E58D24 /* Build configuration list for PBXNativeTarget "People" */ = {
			isa = XCConfigurationList;
			buildConfigurations = (
				BD625FFA1992873000E58D24 /* Debug */,
				BD625FFB1992873000E58D24 /* Release */,
			);
			defaultConfigurationIsVisible = 0;
		};
		BD625FFC1992873000E58D24 /* Build configuration list for PBXNativeTarget "PeopleTests" */ = {
			isa = XCConfigurationList;
			buildConfigurations = (
				BD625FFD1992873000E58D24 /* Debug */,
				BD625FFE1992873000E58D24 /* Release */,
			);
			defaultConfigurationIsVisible = 0;
		};
/* End XCConfigurationList section */

/* Begin XCVersionGroup section */
		BD625FE11992872F00E58D24 /* People.xcdatamodeld */ = {
			isa = XCVersionGroup;
			children = (
				BD625FE21992872F00E58D24 /* People.xcdatamodel */,
			);
			currentVersion = BD625FE21992872F00E58D24 /* People.xcdatamodel */;
			path = People.xcdatamodeld;
			sourceTree = "<group>";
			versionGroupType = wrapper.xcdatamodel;
		};
/* End XCVersionGroup section */
	};
	rootObject = BD625FD21992872F00E58D24 /* Project object */;
}
